
Microsoft Visual Studio Solution File, Format Version 12.00
# Visual Studio Version 17
VisualStudioVersion = 17.7.34009.444
MinimumVisualStudioVersion = 10.0.40219.1
Project("{FAE04EC0-301F-11D3-BF4B-00C04F79EFBC}") = "EnsaioAPI", "src\EnsaioAPI\EnsaioAPI.csproj", "{F39D10B0-018D-4E53-BA6E-C0982BDCC8FB}"
EndProject
Global
	GlobalSection(SolutionConfigurationPlatforms) = preSolution
		Debug|Any CPU = Debug|Any CPU
		Release|Any CPU = Release|Any CPU
	EndGlobalSection
	GlobalSection(ProjectConfigurationPlatforms) = postSolution
		{F39D10B0-018D-4E53-BA6E-C0982BDCC8FB}.Debug|Any CPU.ActiveCfg = Debug|Any CPU
		{F39D10B0-018D-4E53-BA6E-C0982BDCC8FB}.Debug|Any CPU.Build.0 = Debug|Any CPU
		{F39D10B0-018D-4E53-BA6E-C0982BDCC8FB}.Release|Any CPU.ActiveCfg = Release|Any CPU
		{F39D10B0-018D-4E53-BA6E-C0982BDCC8FB}.Release|Any CPU.Build.0 = Release|Any CPU
	EndGlobalSection
	GlobalSection(SolutionProperties) = preSolution
		HideSolutionNode = FALSE
	EndGlobalSection
	GlobalSection(ExtensibilityGlobals) = postSolution
		SolutionGuid = {0FBB7B57-A5A8-4E2C-A541-DAAF2636A8A2}
	EndGlobalSection
EndGlobal
